
Microsoft Visual Studio Solution File, Format Version 12.00
# Visual Studio Version 16
VisualStudioVersion = 16.0.32901.82
MinimumVisualStudioVersion = 10.0.40219.1
Project("{F184B08F-C81C-45F6-A57F-5ABD9991F28F}") = "dummyOracle", "dummyOracle\dummyOracle.vbproj", "{1722F0B2-E852-41D9-88CA-51FCB366D4D5}"
EndProject
Global
	GlobalSection(SolutionConfigurationPlatforms) = preSolution
		Debug|Any CPU = Debug|Any CPU
		Release|Any CPU = Release|Any CPU
	EndGlobalSection
	GlobalSection(ProjectConfigurationPlatforms) = postSolution
		{1722F0B2-E852-41D9-88CA-51FCB366D4D5}.Debug|Any CPU.ActiveCfg = Debug|Any CPU
		{1722F0B2-E852-41D9-88CA-51FCB366D4D5}.Debug|Any CPU.Build.0 = Debug|Any CPU
		{1722F0B2-E852-41D9-88CA-51FCB366D4D5}.Release|Any CPU.ActiveCfg = Release|Any CPU
		{1722F0B2-E852-41D9-88CA-51FCB366D4D5}.Release|Any CPU.Build.0 = Release|Any CPU
	EndGlobalSection
	GlobalSection(SolutionProperties) = preSolution
		HideSolutionNode = FALSE
	EndGlobalSection
	GlobalSection(ExtensibilityGlobals) = postSolution
		SolutionGuid = {B7903A78-2147-4096-A631-9ADC7A3093C1}
	EndGlobalSection
EndGlobal
